
Microsoft Visual Studio Solution File, Format Version 12.00
# Visual Studio Version 16
VisualStudioVersion = 16.0.29503.13
MinimumVisualStudioVersion = 10.0.40219.1
Project("{FAE04EC0-301F-11D3-BF4B-00C04F79EFBC}") = "Ex1", "Ex1.csproj", "{5DAAF07C-52EF-4856-BED4-63155FC1F6D0}"
EndProject
Global
	GlobalSection(SolutionConfigurationPlatforms) = preSolution
		Debug|Any CPU = Debug|Any CPU
		Release|Any CPU = Release|Any CPU
	EndGlobalSection
	GlobalSection(ProjectConfigurationPlatforms) = postSolution
		{5DAAF07C-52EF-4856-BED4-63155FC1F6D0}.Debug|Any CPU.ActiveCfg = Debug|Any CPU
		{5DAAF07C-52EF-4856-BED4-63155FC1F6D0}.Debug|Any CPU.Build.0 = Debug|Any CPU
		{5DAAF07C-52EF-4856-BED4-63155FC1F6D0}.Release|Any CPU.ActiveCfg = Release|Any CPU
		{5DAAF07C-52EF-4856-BED4-63155FC1F6D0}.Release|Any CPU.Build.0 = Release|Any CPU
	EndGlobalSection
	GlobalSection(SolutionProperties) = preSolution
		HideSolutionNode = FALSE
	EndGlobalSection
	GlobalSection(ExtensibilityGlobals) = postSolution
		SolutionGuid = {1789F159-6F37-4525-80CC-D6A7D73930A0}
	EndGlobalSection
EndGlobal
