
Microsoft Visual Studio Solution File, Format Version 12.00
# Visual Studio Version 16
VisualStudioVersion = 16.0.29503.13
MinimumVisualStudioVersion = 10.0.40219.1
Project("{FAE04EC0-301F-11D3-BF4B-00C04F79EFBC}") = "HotelClone", "HotelClone.csproj", "{24F84154-61F9-4389-B27D-2B138A4DDE09}"
EndProject
Global
	GlobalSection(SolutionConfigurationPlatforms) = preSolution
		Debug|Any CPU = Debug|Any CPU
		Release|Any CPU = Release|Any CPU
	EndGlobalSection
	GlobalSection(ProjectConfigurationPlatforms) = postSolution
		{24F84154-61F9-4389-B27D-2B138A4DDE09}.Debug|Any CPU.ActiveCfg = Debug|Any CPU
		{24F84154-61F9-4389-B27D-2B138A4DDE09}.Debug|Any CPU.Build.0 = Debug|Any CPU
		{24F84154-61F9-4389-B27D-2B138A4DDE09}.Release|Any CPU.ActiveCfg = Release|Any CPU
		{24F84154-61F9-4389-B27D-2B138A4DDE09}.Release|Any CPU.Build.0 = Release|Any CPU
	EndGlobalSection
	GlobalSection(SolutionProperties) = preSolution
		HideSolutionNode = FALSE
	EndGlobalSection
	GlobalSection(ExtensibilityGlobals) = postSolution
		SolutionGuid = {C354445C-5A1F-4E26-900E-F6F6E47F0396}
	EndGlobalSection
EndGlobal
